
Microsoft Visual Studio Solution File, Format Version 12.00
# Visual Studio Version 16
VisualStudioVersion = 16.0.29519.181
MinimumVisualStudioVersion = 10.0.40219.1
Project("{FAE04EC0-301F-11D3-BF4B-00C04F79EFBC}") = "SecondLab", "SecondLab\SecondLab.csproj", "{3ED181C5-6CA4-421F-BFC3-02B47AA141CA}"
EndProject
Global
	GlobalSection(SolutionConfigurationPlatforms) = preSolution
		Debug|Any CPU = Debug|Any CPU
		Release|Any CPU = Release|Any CPU
	EndGlobalSection
	GlobalSection(ProjectConfigurationPlatforms) = postSolution
		{3ED181C5-6CA4-421F-BFC3-02B47AA141CA}.Debug|Any CPU.ActiveCfg = Debug|Any CPU
		{3ED181C5-6CA4-421F-BFC3-02B47AA141CA}.Debug|Any CPU.Build.0 = Debug|Any CPU
		{3ED181C5-6CA4-421F-BFC3-02B47AA141CA}.Release|Any CPU.ActiveCfg = Release|Any CPU
		{3ED181C5-6CA4-421F-BFC3-02B47AA141CA}.Release|Any CPU.Build.0 = Release|Any CPU
	EndGlobalSection
	GlobalSection(SolutionProperties) = preSolution
		HideSolutionNode = FALSE
	EndGlobalSection
	GlobalSection(ExtensibilityGlobals) = postSolution
		SolutionGuid = {318A7921-1404-4DDA-9252-C5AEDA76042B}
	EndGlobalSection
EndGlobal
